
Microsoft Visual Studio Solution File, Format Version 12.00
# Visual Studio Version 17
VisualStudioVersion = 17.7.34031.279
MinimumVisualStudioVersion = 10.0.40219.1
Project("{9A19103F-16F7-4668-BE54-9A1E7A4F7556}") = "Shopping", "DesignPatterns\workshop\Shopping.csproj", "{2EF33AED-1092-481B-ACAD-446EBEF186CC}"
EndProject
Project("{FAE04EC0-301F-11D3-BF4B-00C04F79EFBC}") = "Shopping.Tests", "DesignPatterns\Shopping\Shopping.Tests.csproj", "{3084DBFB-2C1C-47D4-925D-D8570AA4913B}"
EndProject
Project("{FAE04EC0-301F-11D3-BF4B-00C04F79EFBC}") = "Workshop.Tests", "DesignPatterns\Workshop.Tests\Workshop.Tests.csproj", "{3AD7F883-A060-424F-B0A5-A078F32B3333}"
EndProject
Global
	GlobalSection(SolutionConfigurationPlatforms) = preSolution
		Debug|Any CPU = Debug|Any CPU
		Release|Any CPU = Release|Any CPU
	EndGlobalSection
	GlobalSection(ProjectConfigurationPlatforms) = postSolution
		{2EF33AED-1092-481B-ACAD-446EBEF186CC}.Debug|Any CPU.ActiveCfg = Debug|Any CPU
		{2EF33AED-1092-481B-ACAD-446EBEF186CC}.Debug|Any CPU.Build.0 = Debug|Any CPU
		{2EF33AED-1092-481B-ACAD-446EBEF186CC}.Release|Any CPU.ActiveCfg = Release|Any CPU
		{2EF33AED-1092-481B-ACAD-446EBEF186CC}.Release|Any CPU.Build.0 = Release|Any CPU
		{3084DBFB-2C1C-47D4-925D-D8570AA4913B}.Debug|Any CPU.ActiveCfg = Debug|Any CPU
		{3084DBFB-2C1C-47D4-925D-D8570AA4913B}.Debug|Any CPU.Build.0 = Debug|Any CPU
		{3084DBFB-2C1C-47D4-925D-D8570AA4913B}.Release|Any CPU.ActiveCfg = Release|Any CPU
		{3084DBFB-2C1C-47D4-925D-D8570AA4913B}.Release|Any CPU.Build.0 = Release|Any CPU
		{3AD7F883-A060-424F-B0A5-A078F32B3333}.Debug|Any CPU.ActiveCfg = Debug|Any CPU
		{3AD7F883-A060-424F-B0A5-A078F32B3333}.Debug|Any CPU.Build.0 = Debug|Any CPU
		{3AD7F883-A060-424F-B0A5-A078F32B3333}.Release|Any CPU.ActiveCfg = Release|Any CPU
		{3AD7F883-A060-424F-B0A5-A078F32B3333}.Release|Any CPU.Build.0 = Release|Any CPU
	EndGlobalSection
	GlobalSection(SolutionProperties) = preSolution
		HideSolutionNode = FALSE
	EndGlobalSection
	GlobalSection(ExtensibilityGlobals) = postSolution
		SolutionGuid = {C8258EB2-AF8B-4D2A-9517-92AA5464F195}
	EndGlobalSection
EndGlobal
