
Microsoft Visual Studio Solution File, Format Version 12.00
# Visual Studio Version 17
VisualStudioVersion = 17.9.34728.123
MinimumVisualStudioVersion = 10.0.40219.1
Project("{9A19103F-16F7-4668-BE54-9A1E7A4F7556}") = "CodeFirst", "CodeFirst.csproj", "{A56AD342-3963-46EA-9A66-2305131FC2ED}"
EndProject
Project("{9A19103F-16F7-4668-BE54-9A1E7A4F7556}") = "ScaffoldingImport", "..\ScaffoldingImport\ScaffoldingImport.csproj", "{802789B4-0BFE-4971-BCCE-AE7C2E63005C}"
EndProject
Project("{FAE04EC0-301F-11D3-BF4B-00C04F79EFBC}") = "Entity.Tests", "..\Entity.Tests\Entity.Tests.csproj", "{966423C1-0612-4BDE-8C59-CF2AFC85EECF}"
EndProject
Global
	GlobalSection(SolutionConfigurationPlatforms) = preSolution
		Debug|Any CPU = Debug|Any CPU
		Release|Any CPU = Release|Any CPU
	EndGlobalSection
	GlobalSection(ProjectConfigurationPlatforms) = postSolution
		{A56AD342-3963-46EA-9A66-2305131FC2ED}.Debug|Any CPU.ActiveCfg = Debug|Any CPU
		{A56AD342-3963-46EA-9A66-2305131FC2ED}.Debug|Any CPU.Build.0 = Debug|Any CPU
		{A56AD342-3963-46EA-9A66-2305131FC2ED}.Release|Any CPU.ActiveCfg = Release|Any CPU
		{A56AD342-3963-46EA-9A66-2305131FC2ED}.Release|Any CPU.Build.0 = Release|Any CPU
		{802789B4-0BFE-4971-BCCE-AE7C2E63005C}.Debug|Any CPU.ActiveCfg = Debug|Any CPU
		{802789B4-0BFE-4971-BCCE-AE7C2E63005C}.Debug|Any CPU.Build.0 = Debug|Any CPU
		{802789B4-0BFE-4971-BCCE-AE7C2E63005C}.Release|Any CPU.ActiveCfg = Release|Any CPU
		{802789B4-0BFE-4971-BCCE-AE7C2E63005C}.Release|Any CPU.Build.0 = Release|Any CPU
		{966423C1-0612-4BDE-8C59-CF2AFC85EECF}.Debug|Any CPU.ActiveCfg = Debug|Any CPU
		{966423C1-0612-4BDE-8C59-CF2AFC85EECF}.Debug|Any CPU.Build.0 = Debug|Any CPU
		{966423C1-0612-4BDE-8C59-CF2AFC85EECF}.Release|Any CPU.ActiveCfg = Release|Any CPU
		{966423C1-0612-4BDE-8C59-CF2AFC85EECF}.Release|Any CPU.Build.0 = Release|Any CPU
	EndGlobalSection
	GlobalSection(SolutionProperties) = preSolution
		HideSolutionNode = FALSE
	EndGlobalSection
	GlobalSection(ExtensibilityGlobals) = postSolution
		SolutionGuid = {A0792A95-B27E-4772-8730-25C9AF2DC9B4}
	EndGlobalSection
EndGlobal
